// !$*UTF8*$!
{
	archiveVersion = 1;
	classes = {
	};
	objectVersion = 50;
	objects = {

/* Begin PBXBuildFile section */
		4140C20820CDF6FC008827BC /* AppDelegate.swift in Sources */ = {isa = PBXBuildFile; fileRef = 4140C20720CDF6FC008827BC /* AppDelegate.swift */; };
		4140C20A20CDF6FC008827BC /* ViewController.swift in Sources */ = {isa = PBXBuildFile; fileRef = 4140C20920CDF6FC008827BC /* ViewController.swift */; };
		4140C20D20CDF6FC008827BC /* Main.storyboard in Resources */ = {isa = PBXBuildFile; fileRef = 4140C20B20CDF6FC008827BC /* Main.storyboard */; };
		4140C20F20CDF6FE008827BC /* Assets.xcassets in Resources */ = {isa = PBXBuildFile; fileRef = 4140C20E20CDF6FE008827BC /* Assets.xcassets */; };
		4140C21220CDF6FE008827BC /* LaunchScreen.storyboard in Resources */ = {isa = PBXBuildFile; fileRef = 4140C21020CDF6FE008827BC /* LaunchScreen.storyboard */; };
		4140C21A20CDF74C008827BC /* Eddystone.swift in Sources */ = {isa = PBXBuildFile; fileRef = 4140C21920CDF74C008827BC /* Eddystone.swift */; };
		4140C21C20CDFB47008827BC /* TableViewCell.swift in Sources */ = {isa = PBXBuildFile; fileRef = 4140C21B20CDFB47008827BC /* TableViewCell.swift */; };
/* End PBXBuildFile section */

/* Begin PBXFileReference section */
		4140C20420CDF6FC008827BC /* Eddystone Scanner.app */ = {isa = PBXFileReference; explicitFileType = wrapper.application; includeInIndex = 0; path = "Eddystone Scanner.app"; sourceTree = BUILT_PRODUCTS_DIR; };
		4140C20720CDF6FC008827BC /* AppDelegate.swift */ = {isa = PBXFileReference; lastKnownFileType = sourcecode.swift; path = AppDelegate.swift; sourceTree = "<group>"; };
		4140C20920CDF6FC008827BC /* ViewController.swift */ = {isa = PBXFileReference; lastKnownFileType = sourcecode.swift; path = ViewController.swift; sourceTree = "<group>"; };
		4140C20C20CDF6FC008827BC /* Base */ = {isa = PBXFileReference; lastKnownFileType = file.storyboard; name = Base; path = Base.lproj/Main.storyboard; sourceTree = "<group>"; };
		4140C20E20CDF6FE008827BC /* Assets.xcassets */ = {isa = PBXFileReference; lastKnownFileType = folder.assetcatalog; path = Assets.xcassets; sourceTree = "<group>"; };
		4140C21120CDF6FE008827BC /* Base */ = {isa = PBXFileReference; lastKnownFileType = file.storyboard; name = Base; path = Base.lproj/LaunchScreen.storyboard; sourceTree = "<group>"; };
		4140C21320CDF6FE008827BC /* Info.plist */ = {isa = PBXFileReference; lastKnownFileType = text.plist.xml; path = Info.plist; sourceTree = "<group>"; };
		4140C21920CDF74C008827BC /* Eddystone.swift */ = {isa = PBXFileReference; lastKnownFileType = sourcecode.swift; path = Eddystone.swift; sourceTree = "<group>"; };
		4140C21B20CDFB47008827BC /* TableViewCell.swift */ = {isa = PBXFileReference; lastKnownFileType = sourcecode.swift; path = TableViewCell.swift; sourceTree = "<group>"; };
/* End PBXFileReference section */

/* Begin PBXFrameworksBuildPhase section */
		4140C20120CDF6FC008827BC /* Frameworks */ = {
			isa = PBXFrameworksBuildPhase;
			buildActionMask = 2147483647;
			files = (
			);
			runOnlyForDeploymentPostprocessing = 0;
		};
/* End PBXFrameworksBuildPhase section */

/* Begin PBXGroup section */
		4140C1FB20CDF6FC008827BC = {
			isa = PBXGroup;
			children = (
				4140C20620CDF6FC008827BC /* Bluetooth Scanner */,
				4140C20520CDF6FC008827BC /* Products */,
			);
			sourceTree = "<group>";
		};
		4140C20520CDF6FC008827BC /* Products */ = {
			isa = PBXGroup;
			children = (
				4140C20420CDF6FC008827BC /* Eddystone Scanner.app */,
			);
			name = Products;
			sourceTree = "<group>";
		};
		4140C20620CDF6FC008827BC /* Bluetooth Scanner */ = {
			isa = PBXGroup;
			children = (
				4140C20720CDF6FC008827BC /* AppDelegate.swift */,
				4140C20920CDF6FC008827BC /* ViewController.swift */,
				4140C20B20CDF6FC008827BC /* Main.storyboard */,
				4140C20E20CDF6FE008827BC /* Assets.xcassets */,
				4140C21020CDF6FE008827BC /* LaunchScreen.storyboard */,
				4140C21320CDF6FE008827BC /* Info.plist */,
				4140C21920CDF74C008827BC /* Eddystone.swift */,
				4140C21B20CDFB47008827BC /* TableViewCell.swift */,
			);
			path = "Bluetooth Scanner";
			sourceTree = "<group>";
		};
/* End PBXGroup section */

/* Begin PBXNativeTarget section */
		4140C20320CDF6FC008827BC /* Eddystone Scanner */ = {
			isa = PBXNativeTarget;
			buildConfigurationList = 4140C21620CDF6FE008827BC /* Build configuration list for PBXNativeTarget "Eddystone Scanner" */;
			buildPhases = (
				4140C20020CDF6FC008827BC /* Sources */,
				4140C20120CDF6FC008827BC /* Frameworks */,
				4140C20220CDF6FC008827BC /* Resources */,
			);
			buildRules = (
			);
			dependencies = (
			);
			name = "Eddystone Scanner";
			productName = "Bluetooth Scanner";
			productReference = 4140C20420CDF6FC008827BC /* Eddystone Scanner.app */;
			productType = "com.apple.product-type.application";
		};
/* End PBXNativeTarget section */

/* Begin PBXProject section */
		4140C1FC20CDF6FC008827BC /* Project object */ = {
			isa = PBXProject;
			attributes = {
				LastSwiftUpdateCheck = 0940;
				LastUpgradeCheck = 0940;
				ORGANIZATIONNAME = Cdrv;
				TargetAttributes = {
					4140C20320CDF6FC008827BC = {
						CreatedOnToolsVersion = 9.4;
					};
				};
			};
			buildConfigurationList = 4140C1FF20CDF6FC008827BC /* Build configuration list for PBXProject "Eddystone Scanner" */;
			compatibilityVersion = "Xcode 9.3";
			developmentRegion = en;
			hasScannedForEncodings = 0;
			knownRegions = (
				en,
				Base,
			);
			mainGroup = 4140C1FB20CDF6FC008827BC;
			productRefGroup = 4140C20520CDF6FC008827BC /* Products */;
			projectDirPath = "";
			projectRoot = "";
			targets = (
				4140C20320CDF6FC008827BC /* Eddystone Scanner */,
			);
		};
/* End PBXProject section */

/* Begin PBXResourcesBuildPhase section */
		4140C20220CDF6FC008827BC /* Resources */ = {
			isa = PBXResourcesBuildPhase;
			buildActionMask = 2147483647;
			files = (
				4140C21220CDF6FE008827BC /* LaunchScreen.storyboard in Resources */,
				4140C20F20CDF6FE008827BC /* Assets.xcassets in Resources */,
				4140C20D20CDF6FC008827BC /* Main.storyboard in Resources */,
			);
			runOnlyForDeploymentPostprocessing = 0;
		};
/* End PBXResourcesBuildPhase section */

/* Begin PBXSourcesBuildPhase section */
		4140C20020CDF6FC008827BC /* Sources */ = {
			isa = PBXSourcesBuildPhase;
			buildActionMask = 2147483647;
			files = (
				4140C21A20CDF74C008827BC /* Eddystone.swift in Sources */,
				4140C21C20CDFB47008827BC /* TableViewCell.swift in Sources */,
				4140C20A20CDF6FC008827BC /* ViewController.swift in Sources */,
				4140C20820CDF6FC008827BC /* AppDelegate.swift in Sources */,
			);
			runOnlyForDeploymentPostprocessing = 0;
		};
/* End PBXSourcesBuildPhase section */

/* Begin PBXVariantGroup section */
		4140C20B20CDF6FC008827BC /* Main.storyboard */ = {
			isa = PBXVariantGroup;
			children = (
				4140C20C20CDF6FC008827BC /* Base */,
			);
			name = Main.storyboard;
			sourceTree = "<group>";
		};
		4140C21020CDF6FE008827BC /* LaunchScreen.storyboard */ = {
			isa = PBXVariantGroup;
			children = (
				4140C21120CDF6FE008827BC /* Base */,
			);
			name = LaunchScreen.storyboard;
			sourceTree = "<group>";
		};
/* End PBXVariantGroup section */

/* Begin XCBuildConfiguration section */
		4140C21420CDF6FE008827BC /* Debug */ = {
			isa = XCBuildConfiguration;
			buildSettings = {
				ALWAYS_SEARCH_USER_PATHS = NO;
				CLANG_ANALYZER_NONNULL = YES;
				CLANG_ANALYZER_NUMBER_OBJECT_CONVERSION = YES_AGGRESSIVE;
				CLANG_CXX_LANGUAGE_STANDARD = "gnu++14";
				CLANG_CXX_LIBRARY = "libc++";
				CLANG_ENABLE_MODULES = YES;
				CLANG_ENABLE_OBJC_ARC = YES;
				CLANG_ENABLE_OBJC_WEAK = YES;
				CLANG_WARN_BLOCK_CAPTURE_AUTORELEASING = YES;
				CLANG_WARN_BOOL_CONVERSION = YES;
				CLANG_WARN_COMMA = YES;
				CLANG_WARN_CONSTANT_CONVERSION = YES;
				CLANG_WARN_DEPRECATED_OBJC_IMPLEMENTATIONS = YES;
				CLANG_WARN_DIRECT_OBJC_ISA_USAGE = YES_ERROR;
				CLANG_WARN_DOCUMENTATION_COMMENTS = YES;
				CLANG_WARN_EMPTY_BODY = YES;
				CLANG_WARN_ENUM_CONVERSION = YES;
				CLANG_WARN_INFINITE_RECURSION = YES;
				CLANG_WARN_INT_CONVERSION = YES;
				CLANG_WARN_NON_LITERAL_NULL_CONVERSION = YES;
				CLANG_WARN_OBJC_IMPLICIT_RETAIN_SELF = YES;
				CLANG_WARN_OBJC_LITERAL_CONVERSION = YES;
				CLANG_WARN_OBJC_ROOT_CLASS = YES_ERROR;
				CLANG_WARN_RANGE_LOOP_ANALYSIS = YES;
				CLANG_WARN_STRICT_PROTOTYPES = YES;
				CLANG_WARN_SUSPICIOUS_MOVE = YES;
				CLANG_WARN_UNGUARDED_AVAILABILITY = YES_AGGRESSIVE;
				CLANG_WARN_UNREACHABLE_CODE = YES;
				CLANG_WARN__DUPLICATE_METHOD_MATCH = YES;
				CODE_SIGN_IDENTITY = "iPhone Developer";
				COPY_PHASE_STRIP = NO;
				DEBUG_INFORMATION_FORMAT = dwarf;
				ENABLE_STRICT_OBJC_MSGSEND = YES;
				ENABLE_TESTABILITY = YES;
				GCC_C_LANGUAGE_STANDARD = gnu11;
				GCC_DYNAMIC_NO_PIC = NO;
				GCC_NO_COMMON_BLOCKS = YES;
				GCC_OPTIMIZATION_LEVEL = 0;
				GCC_PREPROCESSOR_DEFINITIONS = (
					"DEBUG=1",
					"$(inherited)",
				);
				GCC_WARN_64_TO_32_BIT_CONVERSION = YES;
				GCC_WARN_ABOUT_RETURN_TYPE = YES_ERROR;
				GCC_WARN_UNDECLARED_SELECTOR = YES;
				GCC_WARN_UNINITIALIZED_AUTOS = YES_AGGRESSIVE;
				GCC_WARN_UNUSED_FUNCTION = YES;
				GCC_WARN_UNUSED_VARIABLE = YES;
				IPHONEOS_DEPLOYMENT_TARGET = 11.4;
				MTL_ENABLE_DEBUG_INFO = YES;
				ONLY_ACTIVE_ARCH = YES;
				SDKROOT = iphoneos;
				SWIFT_ACTIVE_COMPILATION_CONDITIONS = DEBUG;
				SWIFT_OPTIMIZATION_LEVEL = "-Onone";
			};
			name = Debug;
		};
		4140C21520CDF6FE008827BC /* Release */ = {
			isa = XCBuildConfiguration;
			buildSettings = {
				ALWAYS_SEARCH_USER_PATHS = NO;
				CLANG_ANALYZER_NONNULL = YES;
				CLANG_ANALYZER_NUMBER_OBJECT_CONVERSION = YES_AGGRESSIVE;
				CLANG_CXX_LANGUAGE_STANDARD = "gnu++14";
				CLANG_CXX_LIBRARY = "libc++";
				CLANG_ENABLE_MODULES = YES;
				CLANG_ENABLE_OBJC_ARC = YES;
				CLANG_ENABLE_OBJC_WEAK = YES;
				CLANG_WARN_BLOCK_CAPTURE_AUTORELEASING = YES;
				CLANG_WARN_BOOL_CONVERSION = YES;
				CLANG_WARN_COMMA = YES;
				CLANG_WARN_CONSTANT_CONVERSION = YES;
				CLANG_WARN_DEPRECATED_OBJC_IMPLEMENTATIONS = YES;
				CLANG_WARN_DIRECT_OBJC_ISA_USAGE = YES_ERROR;
				CLANG_WARN_DOCUMENTATION_COMMENTS = YES;
				CLANG_WARN_EMPTY_BODY = YES;
				CLANG_WARN_ENUM_CONVERSION = YES;
				CLANG_WARN_INFINITE_RECURSION = YES;
				CLANG_WARN_INT_CONVERSION = YES;
				CLANG_WARN_NON_LITERAL_NULL_CONVERSION = YES;
				CLANG_WARN_OBJC_IMPLICIT_RETAIN_SELF = YES;
				CLANG_WARN_OBJC_LITERAL_CONVERSION = YES;
				CLANG_WARN_OBJC_ROOT_CLASS = YES_ERROR;
				CLANG_WARN_RANGE_LOOP_ANALYSIS = YES;
				CLANG_WARN_STRICT_PROTOTYPES = YES;
				CLANG_WARN_SUSPICIOUS_MOVE = YES;
				CLANG_WARN_UNGUARDED_AVAILABILITY = YES_AGGRESSIVE;
				CLANG_WARN_UNREACHABLE_CODE = YES;
				CLANG_WARN__DUPLICATE_METHOD_MATCH = YES;
				CODE_SIGN_IDENTITY = "iPhone Developer";
				COPY_PHASE_STRIP = NO;
				DEBUG_INFORMATION_FORMAT = "dwarf-with-dsym";
				ENABLE_NS_ASSERTIONS = NO;
				ENABLE_STRICT_OBJC_MSGSEND = YES;
				GCC_C_LANGUAGE_STANDARD = gnu11;
				GCC_NO_COMMON_BLOCKS = YES;
				GCC_WARN_64_TO_32_BIT_CONVERSION = YES;
				GCC_WARN_ABOUT_RETURN_TYPE = YES_ERROR;
				GCC_WARN_UNDECLARED_SELECTOR = YES;
				GCC_WARN_UNINITIALIZED_AUTOS = YES_AGGRESSIVE;
				GCC_WARN_UNUSED_FUNCTION = YES;
				GCC_WARN_UNUSED_VARIABLE = YES;
				IPHONEOS_DEPLOYMENT_TARGET = 11.4;
				MTL_ENABLE_DEBUG_INFO = NO;
				SDKROOT = iphoneos;
				SWIFT_COMPILATION_MODE = wholemodule;
				SWIFT_OPTIMIZATION_LEVEL = "-O";
				VALIDATE_PRODUCT = YES;
			};
			name = Release;
		};
		4140C21720CDF6FE008827BC /* Debug */ = {
			isa = XCBuildConfiguration;
			buildSettings = {
				ASSETCATALOG_COMPILER_APPICON_NAME = AppIcon;
				CODE_SIGN_STYLE = Manual;
				DEVELOPMENT_TEAM = BZBYYA2BB6;
				INFOPLIST_FILE = "Bluetooth Scanner/Info.plist";
				IPHONEOS_DEPLOYMENT_TARGET = 11.0;
				LD_RUNPATH_SEARCH_PATHS = (
					"$(inherited)",
					"@executable_path/Frameworks",
				);
				PRODUCT_BUNDLE_IDENTIFIER = ca.cdrv.gevrai.EddystoneScanner;
				PRODUCT_NAME = "$(TARGET_NAME)";
				PROVISIONING_PROFILE = "2b544583-fb3c-4e08-8cff-60e2d274f45e";
				PROVISIONING_PROFILE_SPECIFIER = "Eddystone Scanner Dev";
				SWIFT_VERSION = 4.0;
				TARGETED_DEVICE_FAMILY = "1,2";
			};
			name = Debug;
		};
		4140C21820CDF6FE008827BC /* Release */ = {
			isa = XCBuildConfiguration;
			buildSettings = {
				ASSETCATALOG_COMPILER_APPICON_NAME = AppIcon;
				CODE_SIGN_IDENTITY = "iPhone Distribution";
				CODE_SIGN_STYLE = Manual;
				DEVELOPMENT_TEAM = BZBYYA2BB6;
				INFOPLIST_FILE = "Bluetooth Scanner/Info.plist";
				IPHONEOS_DEPLOYMENT_TARGET = 11.0;
				LD_RUNPATH_SEARCH_PATHS = (
					"$(inherited)",
					"@executable_path/Frameworks",
				);
				PRODUCT_BUNDLE_IDENTIFIER = ca.cdrv.gevrai.EddystoneScanner;
				PRODUCT_NAME = "$(TARGET_NAME)";
				PROVISIONING_PROFILE = "eb304dbf-bab7-4506-82df-f16d2ad66b69";
				PROVISIONING_PROFILE_SPECIFIER = "Eddystone Scanner Distribution";
				SWIFT_VERSION = 4.0;
				TARGETED_DEVICE_FAMILY = "1,2";
			};
			name = Release;
		};
/* End XCBuildConfiguration section */

/* Begin XCConfigurationList section */
		4140C1FF20CDF6FC008827BC /* Build configuration list for PBXProject "Eddystone Scanner" */ = {
			isa = XCConfigurationList;
			buildConfigurations = (
				4140C21420CDF6FE008827BC /* Debug */,
				4140C21520CDF6FE008827BC /* Release */,
			);
			defaultConfigurationIsVisible = 0;
			defaultConfigurationName = Release;
		};
		4140C21620CDF6FE008827BC /* Build configuration list for PBXNativeTarget "Eddystone Scanner" */ = {
			isa = XCConfigurationList;
			buildConfigurations = (
				4140C21720CDF6FE008827BC /* Debug */,
				4140C21820CDF6FE008827BC /* Release */,
			);
			defaultConfigurationIsVisible = 0;
			defaultConfigurationName = Release;
		};
/* End XCConfigurationList section */
	};
	rootObject = 4140C1FC20CDF6FC008827BC /* Project object */;
}
